
Microsoft Visual Studio Solution File, Format Version 12.00
# Visual Studio Version 17
VisualStudioVersion = 17.9.34902.65
MinimumVisualStudioVersion = 10.0.40219.1
Project("{9A19103F-16F7-4668-BE54-9A1E7A4F7556}") = "MindboxHeadHunterTask", "MindboxHeadHunterTask\MindboxHeadHunterTask.csproj", "{1C6356C1-14A1-487A-8A27-EBFF3B91708A}"
EndProject
Project("{FAE04EC0-301F-11D3-BF4B-00C04F79EFBC}") = "LibraryConsumer", "LibraryConsumer\LibraryConsumer.csproj", "{82E42E94-4E32-4D80-AF92-392D6C678C55}"
EndProject
Global
	GlobalSection(SolutionConfigurationPlatforms) = preSolution
		Debug|Any CPU = Debug|Any CPU
		Release|Any CPU = Release|Any CPU
	EndGlobalSection
	GlobalSection(ProjectConfigurationPlatforms) = postSolution
		{1C6356C1-14A1-487A-8A27-EBFF3B91708A}.Debug|Any CPU.ActiveCfg = Debug|Any CPU
		{1C6356C1-14A1-487A-8A27-EBFF3B91708A}.Debug|Any CPU.Build.0 = Debug|Any CPU
		{1C6356C1-14A1-487A-8A27-EBFF3B91708A}.Release|Any CPU.ActiveCfg = Release|Any CPU
		{1C6356C1-14A1-487A-8A27-EBFF3B91708A}.Release|Any CPU.Build.0 = Release|Any CPU
		{82E42E94-4E32-4D80-AF92-392D6C678C55}.Debug|Any CPU.ActiveCfg = Debug|Any CPU
		{82E42E94-4E32-4D80-AF92-392D6C678C55}.Debug|Any CPU.Build.0 = Debug|Any CPU
		{82E42E94-4E32-4D80-AF92-392D6C678C55}.Release|Any CPU.ActiveCfg = Release|Any CPU
		{82E42E94-4E32-4D80-AF92-392D6C678C55}.Release|Any CPU.Build.0 = Release|Any CPU
	EndGlobalSection
	GlobalSection(SolutionProperties) = preSolution
		HideSolutionNode = FALSE
	EndGlobalSection
	GlobalSection(ExtensibilityGlobals) = postSolution
		SolutionGuid = {FF4A446E-3488-4697-B41C-A4B4540BA25A}
	EndGlobalSection
EndGlobal
